
Microsoft Visual Studio Solution File, Format Version 12.00
# Visual Studio Version 17
VisualStudioVersion = 17.9.34701.34
MinimumVisualStudioVersion = 10.0.40219.1
Project("{FAE04EC0-301F-11D3-BF4B-00C04F79EFBC}") = "ConsoleApp5", "ConsoleApp5\ConsoleApp5.csproj", "{B11987EF-646E-40E4-88EE-7E2F877E1E30}"
EndProject
Global
	GlobalSection(SolutionConfigurationPlatforms) = preSolution
		Debug|Any CPU = Debug|Any CPU
		Release|Any CPU = Release|Any CPU
	EndGlobalSection
	GlobalSection(ProjectConfigurationPlatforms) = postSolution
		{B11987EF-646E-40E4-88EE-7E2F877E1E30}.Debug|Any CPU.ActiveCfg = Debug|Any CPU
		{B11987EF-646E-40E4-88EE-7E2F877E1E30}.Debug|Any CPU.Build.0 = Debug|Any CPU
		{B11987EF-646E-40E4-88EE-7E2F877E1E30}.Release|Any CPU.ActiveCfg = Release|Any CPU
		{B11987EF-646E-40E4-88EE-7E2F877E1E30}.Release|Any CPU.Build.0 = Release|Any CPU
	EndGlobalSection
	GlobalSection(SolutionProperties) = preSolution
		HideSolutionNode = FALSE
	EndGlobalSection
	GlobalSection(ExtensibilityGlobals) = postSolution
		SolutionGuid = {C5679430-2146-4688-B05C-2889C973D89B}
	EndGlobalSection
EndGlobal
